{
  "lockfileVersion": 1,
  "configVersion": 1,
  "workspaces": {
    "": {
      "dependencies": {
        "@vueuse/core": "^14.2.1",
        "animejs": "^4.3.6",
        "vue": "^3.5.31",
      },
      "devDependencies": {
        "prettier": "^3.8.1",
      },
    },
  },
  "packages": {
    "@babel/helper-string-parser": ["@babel/helper-string-parser@7.27.1", "", {}, "sha512-qMlSxKbpRlAridDExk92nSobyDdpPijUq2DW6oDnUqd0iOGxmQjyqhMIihI9+zv4LPyZdRje2cavWPbCbWm3eA=="],

    "@babel/helper-validator-identifier": ["@babel/helper-validator-identifier@7.28.5", "", {}, "sha512-qSs4ifwzKJSV39ucNjsvc6WVHs6b7S03sOh2OcHF9UHfVPqWWALUsNUVzhSBiItjRZoLHx7nIarVjqKVusUZ1Q=="],

    "@babel/parser": ["@babel/parser@7.29.2", "", { "dependencies": { "@babel/types": "^7.29.0" }, "bin": "./bin/babel-parser.js" }, "sha512-4GgRzy/+fsBa72/RZVJmGKPmZu9Byn8o4MoLpmNe1m8ZfYnz5emHLQz3U4gLud6Zwl0RZIcgiLD7Uq7ySFuDLA=="],

    "@babel/types": ["@babel/types@7.29.0", "", { "dependencies": { "@babel/helper-string-parser": "^7.27.1", "@babel/helper-validator-identifier": "^7.28.5" } }, "sha512-LwdZHpScM4Qz8Xw2iKSzS+cfglZzJGvofQICy7W7v4caru4EaAmyUuO6BGrbyQ2mYV11W0U8j5mBhd14dd3B0A=="],

    "@jridgewell/sourcemap-codec": ["@jridgewell/sourcemap-codec@1.5.5", "", {}, "sha512-cYQ9310grqxueWbl+WuIUIaiUaDcj7WOq5fVhEljNVgRfOUhY9fy2zTvfoqWsnebh8Sl70VScFbICvJnLKB0Og=="],

    "@types/web-bluetooth": ["@types/web-bluetooth@0.0.21", "", {}, "sha512-oIQLCGWtcFZy2JW77j9k8nHzAOpqMHLQejDA48XXMWH6tjCQHz5RCFz1bzsmROyL6PUm+LLnUiI4BCn221inxA=="],

    "@vue/compiler-core": ["@vue/compiler-core@3.5.31", "", { "dependencies": { "@babel/parser": "^7.29.2", "@vue/shared": "3.5.31", "entities": "^7.0.1", "estree-walker": "^2.0.2", "source-map-js": "^1.2.1" } }, "sha512-k/ueL14aNIEy5Onf0OVzR8kiqF/WThgLdFhxwa4e/KF/0qe38IwIdofoSWBTvvxQOesaz6riAFAUaYjoF9fLLQ=="],

    "@vue/compiler-dom": ["@vue/compiler-dom@3.5.31", "", { "dependencies": { "@vue/compiler-core": "3.5.31", "@vue/shared": "3.5.31" } }, "sha512-BMY/ozS/xxjYqRFL+tKdRpATJYDTTgWSo0+AJvJNg4ig+Hgb0dOsHPXvloHQ5hmlivUqw1Yt2pPIqp4e0v1GUw=="],

    "@vue/compiler-sfc": ["@vue/compiler-sfc@3.5.31", "", { "dependencies": { "@babel/parser": "^7.29.2", "@vue/compiler-core": "3.5.31", "@vue/compiler-dom": "3.5.31", "@vue/compiler-ssr": "3.5.31", "@vue/shared": "3.5.31", "estree-walker": "^2.0.2", "magic-string": "^0.30.21", "postcss": "^8.5.8", "source-map-js": "^1.2.1" } }, "sha512-M8wpPgR9UJ8MiRGjppvx9uWJfLV7A/T+/rL8s/y3QG3u0c2/YZgff3d6SuimKRIhcYnWg5fTfDMlz2E6seUW8Q=="],

    "@vue/compiler-ssr": ["@vue/compiler-ssr@3.5.31", "", { "dependencies": { "@vue/compiler-dom": "3.5.31", "@vue/shared": "3.5.31" } }, "sha512-h0xIMxrt/LHOvJKMri+vdYT92BrK3HFLtDqq9Pr/lVVfE4IyKZKvWf0vJFW10Yr6nX02OR4MkJwI0c1HDa1hog=="],

    "@vue/reactivity": ["@vue/reactivity@3.5.31", "", { "dependencies": { "@vue/shared": "3.5.31" } }, "sha512-DtKXxk9E/KuVvt8VxWu+6Luc9I9ETNcqR1T1oW1gf02nXaZ1kuAx58oVu7uX9XxJR0iJCro6fqBLw9oSBELo5g=="],

    "@vue/runtime-core": ["@vue/runtime-core@3.5.31", "", { "dependencies": { "@vue/reactivity": "3.5.31", "@vue/shared": "3.5.31" } }, "sha512-AZPmIHXEAyhpkmN7aWlqjSfYynmkWlluDNPHMCZKFHH+lLtxP/30UJmoVhXmbDoP1Ng0jG0fyY2zCj1PnSSA6Q=="],

    "@vue/runtime-dom": ["@vue/runtime-dom@3.5.31", "", { "dependencies": { "@vue/reactivity": "3.5.31", "@vue/runtime-core": "3.5.31", "@vue/shared": "3.5.31", "csstype": "^3.2.3" } }, "sha512-xQJsNRmGPeDCJq/u813tyonNgWBFjzfVkBwDREdEWndBnGdHLHgkwNBQxLtg4zDrzKTEcnikUy1UUNecb3lJ6g=="],

    "@vue/server-renderer": ["@vue/server-renderer@3.5.31", "", { "dependencies": { "@vue/compiler-ssr": "3.5.31", "@vue/shared": "3.5.31" }, "peerDependencies": { "vue": "3.5.31" } }, "sha512-GJuwRvMcdZX/CriUnyIIOGkx3rMV3H6sOu0JhdKbduaeCji6zb60iOGMY7tFoN24NfsUYoFBhshZtGxGpxO4iA=="],

    "@vue/shared": ["@vue/shared@3.5.31", "", {}, "sha512-nBxuiuS9Lj5bPkPbWogPUnjxxWpkRniX7e5UBQDWl6Fsf4roq9wwV+cR7ezQ4zXswNvPIlsdj1slcLB7XCsRAw=="],

    "@vueuse/core": ["@vueuse/core@14.2.1", "", { "dependencies": { "@types/web-bluetooth": "^0.0.21", "@vueuse/metadata": "14.2.1", "@vueuse/shared": "14.2.1" }, "peerDependencies": { "vue": "^3.5.0" } }, "sha512-3vwDzV+GDUNpdegRY6kzpLm4Igptq+GA0QkJ3W61Iv27YWwW/ufSlOfgQIpN6FZRMG0mkaz4gglJRtq5SeJyIQ=="],

    "@vueuse/metadata": ["@vueuse/metadata@14.2.1", "", {}, "sha512-1ButlVtj5Sb/HDtIy1HFr1VqCP4G6Ypqt5MAo0lCgjokrk2mvQKsK2uuy0vqu/Ks+sHfuHo0B9Y9jn9xKdjZsw=="],

    "@vueuse/shared": ["@vueuse/shared@14.2.1", "", { "peerDependencies": { "vue": "^3.5.0" } }, "sha512-shTJncjV9JTI4oVNyF1FQonetYAiTBd+Qj7cY89SWbXSkx7gyhrgtEdF2ZAVWS1S3SHlaROO6F2IesJxQEkZBw=="],

    "animejs": ["animejs@4.3.6", "", {}, "sha512-rzZ4bDc8JAtyx6hYwxj7s5M/yWfnM5qqY4hZDnhy1cWFvMb6H5/necHS2sbCY3WQTDbRLuZL10dPXSxSCFOr/w=="],

    "csstype": ["csstype@3.2.3", "", {}, "sha512-z1HGKcYy2xA8AGQfwrn0PAy+PB7X/GSj3UVJW9qKyn43xWa+gl5nXmU4qqLMRzWVLFC8KusUX8T/0kCiOYpAIQ=="],

    "entities": ["entities@7.0.1", "", {}, "sha512-TWrgLOFUQTH994YUyl1yT4uyavY5nNB5muff+RtWaqNVCAK408b5ZnnbNAUEWLTCpum9w6arT70i1XdQ4UeOPA=="],

    "estree-walker": ["estree-walker@2.0.2", "", {}, "sha512-Rfkk/Mp/DL7JVje3u18FxFujQlTNR2q6QfMSMB7AvCBx91NGj/ba3kCfza0f6dVDbw7YlRf/nDrn7pQrCCyQ/w=="],

    "magic-string": ["magic-string@0.30.21", "", { "dependencies": { "@jridgewell/sourcemap-codec": "^1.5.5" } }, "sha512-vd2F4YUyEXKGcLHoq+TEyCjxueSeHnFxyyjNp80yg0XV4vUhnDer/lvvlqM/arB5bXQN5K2/3oinyCRyx8T2CQ=="],

    "nanoid": ["nanoid@3.3.11", "", { "bin": { "nanoid": "bin/nanoid.cjs" } }, "sha512-N8SpfPUnUp1bK+PMYW8qSWdl9U+wwNWI4QKxOYDy9JAro3WMX7p2OeVRF9v+347pnakNevPmiHhNmZ2HbFA76w=="],

    "picocolors": ["picocolors@1.1.1", "", {}, "sha512-xceH2snhtb5M9liqDsmEw56le376mTZkEX/jEb/RxNFyegNul7eNslCXP9FDj/Lcu0X8KEyMceP2ntpaHrDEVA=="],

    "postcss": ["postcss@8.5.8", "", { "dependencies": { "nanoid": "^3.3.11", "picocolors": "^1.1.1", "source-map-js": "^1.2.1" } }, "sha512-OW/rX8O/jXnm82Ey1k44pObPtdblfiuWnrd8X7GJ7emImCOstunGbXUpp7HdBrFQX6rJzn3sPT397Wp5aCwCHg=="],

    "prettier": ["prettier@3.8.1", "", { "bin": { "prettier": "bin/prettier.cjs" } }, "sha512-UOnG6LftzbdaHZcKoPFtOcCKztrQ57WkHDeRD9t/PTQtmT0NHSeWWepj6pS0z/N7+08BHFDQVUrfmfMRcZwbMg=="],

    "source-map-js": ["source-map-js@1.2.1", "", {}, "sha512-UXWMKhLOwVKb728IUtQPXxfYU+usdybtUrK/8uGE8CQMvrhOpwvzDBwj0QhSL7MQc7vIsISBG8VQ8+IDQxpfQA=="],

    "vue": ["vue@3.5.31", "", { "dependencies": { "@vue/compiler-dom": "3.5.31", "@vue/compiler-sfc": "3.5.31", "@vue/runtime-dom": "3.5.31", "@vue/server-renderer": "3.5.31", "@vue/shared": "3.5.31" }, "peerDependencies": { "typescript": "*" }, "optionalPeers": ["typescript"] }, "sha512-iV/sU9SzOlmA/0tygSmjkEN6Jbs3nPoIPFhCMLD2STrjgOU8DX7ZtzMhg4ahVwf5Rp9KoFzcXeB1ZrVbLBp5/Q=="],
  }
}
